
Microsoft Visual Studio Solution File, Format Version 12.00
# Visual Studio Version 17
VisualStudioVersion = 17.1.32414.318
MinimumVisualStudioVersion = 10.0.40219.1
Project("{FAE04EC0-301F-11D3-BF4B-00C04F79EFBC}") = "RuinXC", "RuinXC\RuinXC.csproj", "{4A32D16E-94B0-4E20-AB7E-8C064189F6DE}"
EndProject
Global
	GlobalSection(SolutionConfigurationPlatforms) = preSolution
		Debug|Any CPU = Debug|Any CPU
		Release|Any CPU = Release|Any CPU
	EndGlobalSection
	GlobalSection(ProjectConfigurationPlatforms) = postSolution
		{4A32D16E-94B0-4E20-AB7E-8C064189F6DE}.Debug|Any CPU.ActiveCfg = Debug|Any CPU
		{4A32D16E-94B0-4E20-AB7E-8C064189F6DE}.Debug|Any CPU.Build.0 = Debug|Any CPU
		{4A32D16E-94B0-4E20-AB7E-8C064189F6DE}.Release|Any CPU.ActiveCfg = Release|Any CPU
		{4A32D16E-94B0-4E20-AB7E-8C064189F6DE}.Release|Any CPU.Build.0 = Release|Any CPU
	EndGlobalSection
	GlobalSection(SolutionProperties) = preSolution
		HideSolutionNode = FALSE
	EndGlobalSection
	GlobalSection(ExtensibilityGlobals) = postSolution
		SolutionGuid = {0B5B1D52-ABBF-4AD1-8F6D-297BA22F83F8}
	EndGlobalSection
EndGlobal
